// !$*UTF8*$!
{
	archiveVersion = 1;
	classes = {
	};
	objectVersion = 50;
	objects = {

/* Begin PBXBuildFile section */
		1EA503DF22FE613F006D2C8D /* AppDelegate.swift in Sources */ = {isa = PBXBuildFile; fileRef = 1EA503DE22FE613F006D2C8D /* AppDelegate.swift */; };
		1EA503E422FE613F006D2C8D /* Main.storyboard in Resources */ = {isa = PBXBuildFile; fileRef = 1EA503E222FE613F006D2C8D /* Main.storyboard */; };
		1EA503E622FE6142006D2C8D /* Assets.xcassets in Resources */ = {isa = PBXBuildFile; fileRef = 1EA503E522FE6142006D2C8D /* Assets.xcassets */; };
		1EA503E922FE6142006D2C8D /* LaunchScreen.storyboard in Resources */ = {isa = PBXBuildFile; fileRef = 1EA503E722FE6142006D2C8D /* LaunchScreen.storyboard */; };
		1EA503F422FE6142006D2C8D /* StarWarsAppHFTests.swift in Sources */ = {isa = PBXBuildFile; fileRef = 1EA503F322FE6142006D2C8D /* StarWarsAppHFTests.swift */; };
		1EA503FF22FE6142006D2C8D /* StarWarsAppHFUITests.swift in Sources */ = {isa = PBXBuildFile; fileRef = 1EA503FE22FE6142006D2C8D /* StarWarsAppHFUITests.swift */; };
		1ED658342300AA5E00AD2BC7 /* StarWarsAPIClient.swift in Sources */ = {isa = PBXBuildFile; fileRef = 1ED658332300AA5E00AD2BC7 /* StarWarsAPIClient.swift */; };
		1ED6583623011F1600AD2BC7 /* MoviePoster.swift in Sources */ = {isa = PBXBuildFile; fileRef = 1ED6583523011F1600AD2BC7 /* MoviePoster.swift */; };
		1ED65838230192ED00AD2BC7 /* String+DateExtension.swift in Sources */ = {isa = PBXBuildFile; fileRef = 1ED65837230192ED00AD2BC7 /* String+DateExtension.swift */; };
		1EDF5E6C22FF272F00F4681D /* GoogleService-Info.plist in Resources */ = {isa = PBXBuildFile; fileRef = 1EDF5E6B22FF272E00F4681D /* GoogleService-Info.plist */; };
		1EDF5E6D22FF272F00F4681D /* GoogleService-Info.plist in Resources */ = {isa = PBXBuildFile; fileRef = 1EDF5E6B22FF272E00F4681D /* GoogleService-Info.plist */; };
		1EDF5E6E22FF272F00F4681D /* GoogleService-Info.plist in Resources */ = {isa = PBXBuildFile; fileRef = 1EDF5E6B22FF272E00F4681D /* GoogleService-Info.plist */; };
		1EDF5E7022FF34B200F4681D /* GoogleService-Info.plist in Resources */ = {isa = PBXBuildFile; fileRef = 1EDF5E6F22FF34B200F4681D /* GoogleService-Info.plist */; };
		1EDF5E7122FF34B200F4681D /* GoogleService-Info.plist in Resources */ = {isa = PBXBuildFile; fileRef = 1EDF5E6F22FF34B200F4681D /* GoogleService-Info.plist */; };
		1EDF5E7222FF34B200F4681D /* GoogleService-Info.plist in Resources */ = {isa = PBXBuildFile; fileRef = 1EDF5E6F22FF34B200F4681D /* GoogleService-Info.plist */; };
		1EDF5E7522FF3A1F00F4681D /* MoviesController.swift in Sources */ = {isa = PBXBuildFile; fileRef = 1EDF5E7422FF3A1F00F4681D /* MoviesController.swift */; };
		1EDF5E7622FF3A1F00F4681D /* MoviesController.swift in Sources */ = {isa = PBXBuildFile; fileRef = 1EDF5E7422FF3A1F00F4681D /* MoviesController.swift */; };
		1EDF5E7722FF3A1F00F4681D /* MoviesController.swift in Sources */ = {isa = PBXBuildFile; fileRef = 1EDF5E7422FF3A1F00F4681D /* MoviesController.swift */; };
		1EDF5E7922FF3A5800F4681D /* CharactersController.swift in Sources */ = {isa = PBXBuildFile; fileRef = 1EDF5E7822FF3A5800F4681D /* CharactersController.swift */; };
		1EDF5E7A22FF3A5800F4681D /* CharactersController.swift in Sources */ = {isa = PBXBuildFile; fileRef = 1EDF5E7822FF3A5800F4681D /* CharactersController.swift */; };
		1EDF5E7B22FF3A5800F4681D /* CharactersController.swift in Sources */ = {isa = PBXBuildFile; fileRef = 1EDF5E7822FF3A5800F4681D /* CharactersController.swift */; };
		1EDF5E7D22FF3A7600F4681D /* PlanetsController.swift in Sources */ = {isa = PBXBuildFile; fileRef = 1EDF5E7C22FF3A7600F4681D /* PlanetsController.swift */; };
		1EDF5E7E22FF3A7600F4681D /* PlanetsController.swift in Sources */ = {isa = PBXBuildFile; fileRef = 1EDF5E7C22FF3A7600F4681D /* PlanetsController.swift */; };
		1EDF5E7F22FF3A7600F4681D /* PlanetsController.swift in Sources */ = {isa = PBXBuildFile; fileRef = 1EDF5E7C22FF3A7600F4681D /* PlanetsController.swift */; };
		1EDF5E8122FF3AB000F4681D /* MovieDetailedController.swift in Sources */ = {isa = PBXBuildFile; fileRef = 1EDF5E8022FF3AB000F4681D /* MovieDetailedController.swift */; };
		1EDF5E8222FF3AB000F4681D /* MovieDetailedController.swift in Sources */ = {isa = PBXBuildFile; fileRef = 1EDF5E8022FF3AB000F4681D /* MovieDetailedController.swift */; };
		1EDF5E8322FF3AB000F4681D /* MovieDetailedController.swift in Sources */ = {isa = PBXBuildFile; fileRef = 1EDF5E8022FF3AB000F4681D /* MovieDetailedController.swift */; };
		1EDF5E8522FF3AC200F4681D /* CharacterDetailedController.swift in Sources */ = {isa = PBXBuildFile; fileRef = 1EDF5E8422FF3AC200F4681D /* CharacterDetailedController.swift */; };
		1EDF5E8622FF3AC200F4681D /* CharacterDetailedController.swift in Sources */ = {isa = PBXBuildFile; fileRef = 1EDF5E8422FF3AC200F4681D /* CharacterDetailedController.swift */; };
		1EDF5E8722FF3AC200F4681D /* CharacterDetailedController.swift in Sources */ = {isa = PBXBuildFile; fileRef = 1EDF5E8422FF3AC200F4681D /* CharacterDetailedController.swift */; };
		1EDF5E8922FF3ADD00F4681D /* PlanetDetailedController.swift in Sources */ = {isa = PBXBuildFile; fileRef = 1EDF5E8822FF3ADD00F4681D /* PlanetDetailedController.swift */; };
		1EDF5E8A22FF3ADD00F4681D /* PlanetDetailedController.swift in Sources */ = {isa = PBXBuildFile; fileRef = 1EDF5E8822FF3ADD00F4681D /* PlanetDetailedController.swift */; };
		1EDF5E8B22FF3ADD00F4681D /* PlanetDetailedController.swift in Sources */ = {isa = PBXBuildFile; fileRef = 1EDF5E8822FF3ADD00F4681D /* PlanetDetailedController.swift */; };
		1EDF5E8F22FF3CF200F4681D /* MovieCell.swift in Sources */ = {isa = PBXBuildFile; fileRef = 1EDF5E8E22FF3CF200F4681D /* MovieCell.swift */; };
		1EDF5E9522FF41D000F4681D /* NetworkHelper.swift in Sources */ = {isa = PBXBuildFile; fileRef = 1EDF5E9422FF41D000F4681D /* NetworkHelper.swift */; };
		1EDF5E9722FF420700F4681D /* AppError.swift in Sources */ = {isa = PBXBuildFile; fileRef = 1EDF5E9622FF420700F4681D /* AppError.swift */; };
		1EDF5E9D22FF42ED00F4681D /* MovieAPIClient.swift in Sources */ = {isa = PBXBuildFile; fileRef = 1EDF5E9C22FF42ED00F4681D /* MovieAPIClient.swift */; };
		1EDF5E9F22FF432300F4681D /* Movie.swift in Sources */ = {isa = PBXBuildFile; fileRef = 1EDF5E9E22FF432300F4681D /* Movie.swift */; };
		1EDF5EA222FF435600F4681D /* StarWarsCharacter.swift in Sources */ = {isa = PBXBuildFile; fileRef = 1EDF5EA122FF435600F4681D /* StarWarsCharacter.swift */; };
		1EDF5EA422FF435E00F4681D /* Planet.swift in Sources */ = {isa = PBXBuildFile; fileRef = 1EDF5EA322FF435E00F4681D /* Planet.swift */; };
		1EDF5EA622FF4CB300F4681D /* StarWarsEndPoints.swift in Sources */ = {isa = PBXBuildFile; fileRef = 1EDF5EA522FF4CB300F4681D /* StarWarsEndPoints.swift */; };
		1EDF5EA822FF798600F4681D /* CharacterAPIClient.swift in Sources */ = {isa = PBXBuildFile; fileRef = 1EDF5EA722FF798600F4681D /* CharacterAPIClient.swift */; };
		1EDF5EAA22FF799200F4681D /* PlanetAPIClient.swift in Sources */ = {isa = PBXBuildFile; fileRef = 1EDF5EA922FF799200F4681D /* PlanetAPIClient.swift */; };
		2A27046885D7DA584060F64D /* Pods_StarWarsAppHFUITests.framework in Frameworks */ = {isa = PBXBuildFile; fileRef = E7F054C5DC04687513BE7AED /* Pods_StarWarsAppHFUITests.framework */; };
		BF9E9B36A1142496428552F8 /* Pods_StarWarsAppHF.framework in Frameworks */ = {isa = PBXBuildFile; fileRef = 5332B1BC6E447E2F52B33CA0 /* Pods_StarWarsAppHF.framework */; };
		E12FCA99CDD6C1AD939967F7 /* Pods_StarWarsAppHFTests.framework in Frameworks */ = {isa = PBXBuildFile; fileRef = CEAF16FEB1ECEE9DABC30FB3 /* Pods_StarWarsAppHFTests.framework */; };
/* End PBXBuildFile section */

/* Begin PBXContainerItemProxy section */
		1EA503F022FE6142006D2C8D /* PBXContainerItemProxy */ = {
			isa = PBXContainerItemProxy;
			containerPortal = 1EA503D322FE613F006D2C8D /* Project object */;
			proxyType = 1;
			remoteGlobalIDString = 1EA503DA22FE613F006D2C8D;
			remoteInfo = StarWarsAppHF;
		};
		1EA503FB22FE6142006D2C8D /* PBXContainerItemProxy */ = {
			isa = PBXContainerItemProxy;
			containerPortal = 1EA503D322FE613F006D2C8D /* Project object */;
			proxyType = 1;
			remoteGlobalIDString = 1EA503DA22FE613F006D2C8D;
			remoteInfo = StarWarsAppHF;
		};
/* End PBXContainerItemProxy section */

/* Begin PBXFileReference section */
		1802FD41498DF9100B675475 /* Pods-StarWarsAppHF.release.xcconfig */ = {isa = PBXFileReference; includeInIndex = 1; lastKnownFileType = text.xcconfig; name = "Pods-StarWarsAppHF.release.xcconfig"; path = "Target Support Files/Pods-StarWarsAppHF/Pods-StarWarsAppHF.release.xcconfig"; sourceTree = "<group>"; };
		1AC9B8EDD988498003CD80E3 /* Pods-StarWarsAppHF.debug.xcconfig */ = {isa = PBXFileReference; includeInIndex = 1; lastKnownFileType = text.xcconfig; name = "Pods-StarWarsAppHF.debug.xcconfig"; path = "Target Support Files/Pods-StarWarsAppHF/Pods-StarWarsAppHF.debug.xcconfig"; sourceTree = "<group>"; };
		1EA503DB22FE613F006D2C8D /* StarWarsAppHF.app */ = {isa = PBXFileReference; explicitFileType = wrapper.application; includeInIndex = 0; path = StarWarsAppHF.app; sourceTree = BUILT_PRODUCTS_DIR; };
		1EA503DE22FE613F006D2C8D /* AppDelegate.swift */ = {isa = PBXFileReference; lastKnownFileType = sourcecode.swift; path = AppDelegate.swift; sourceTree = "<group>"; };
		1EA503E322FE613F006D2C8D /* Base */ = {isa = PBXFileReference; lastKnownFileType = file.storyboard; name = Base; path = Base.lproj/Main.storyboard; sourceTree = "<group>"; };
		1EA503E522FE6142006D2C8D /* Assets.xcassets */ = {isa = PBXFileReference; lastKnownFileType = folder.assetcatalog; path = Assets.xcassets; sourceTree = "<group>"; };
		1EA503E822FE6142006D2C8D /* Base */ = {isa = PBXFileReference; lastKnownFileType = file.storyboard; name = Base; path = Base.lproj/LaunchScreen.storyboard; sourceTree = "<group>"; };
		1EA503EA22FE6142006D2C8D /* Info.plist */ = {isa = PBXFileReference; lastKnownFileType = text.plist.xml; path = Info.plist; sourceTree = "<group>"; };
		1EA503EF22FE6142006D2C8D /* StarWarsAppHFTests.xctest */ = {isa = PBXFileReference; explicitFileType = wrapper.cfbundle; includeInIndex = 0; path = StarWarsAppHFTests.xctest; sourceTree = BUILT_PRODUCTS_DIR; };
		1EA503F322FE6142006D2C8D /* StarWarsAppHFTests.swift */ = {isa = PBXFileReference; lastKnownFileType = sourcecode.swift; path = StarWarsAppHFTests.swift; sourceTree = "<group>"; };
		1EA503F522FE6142006D2C8D /* Info.plist */ = {isa = PBXFileReference; lastKnownFileType = text.plist.xml; path = Info.plist; sourceTree = "<group>"; };
		1EA503FA22FE6142006D2C8D /* StarWarsAppHFUITests.xctest */ = {isa = PBXFileReference; explicitFileType = wrapper.cfbundle; includeInIndex = 0; path = StarWarsAppHFUITests.xctest; sourceTree = BUILT_PRODUCTS_DIR; };
		1EA503FE22FE6142006D2C8D /* StarWarsAppHFUITests.swift */ = {isa = PBXFileReference; lastKnownFileType = sourcecode.swift; path = StarWarsAppHFUITests.swift; sourceTree = "<group>"; };
		1ED658332300AA5E00AD2BC7 /* StarWarsAPIClient.swift */ = {isa = PBXFileReference; lastKnownFileType = sourcecode.swift; path = StarWarsAPIClient.swift; sourceTree = "<group>"; };
		1ED6583523011F1600AD2BC7 /* MoviePoster.swift */ = {isa = PBXFileReference; lastKnownFileType = sourcecode.swift; path = MoviePoster.swift; sourceTree = "<group>"; };
		1ED65837230192ED00AD2BC7 /* String+DateExtension.swift */ = {isa = PBXFileReference; lastKnownFileType = sourcecode.swift; path = "String+DateExtension.swift"; sourceTree = "<group>"; };
		1EDF5E6B22FF272E00F4681D /* GoogleService-Info.plist */ = {isa = PBXFileReference; fileEncoding = 4; lastKnownFileType = text.plist.xml; path = "GoogleService-Info.plist"; sourceTree = "<group>"; };
		1EDF5E6F22FF34B200F4681D /* GoogleService-Info.plist */ = {isa = PBXFileReference; fileEncoding = 4; lastKnownFileType = text.plist.xml; path = "GoogleService-Info.plist"; sourceTree = "<group>"; };
		1EDF5E7422FF3A1F00F4681D /* MoviesController.swift */ = {isa = PBXFileReference; lastKnownFileType = sourcecode.swift; path = MoviesController.swift; sourceTree = "<group>"; };
		1EDF5E7822FF3A5800F4681D /* CharactersController.swift */ = {isa = PBXFileReference; lastKnownFileType = sourcecode.swift; path = CharactersController.swift; sourceTree = "<group>"; };
		1EDF5E7C22FF3A7600F4681D /* PlanetsController.swift */ = {isa = PBXFileReference; lastKnownFileType = sourcecode.swift; path = PlanetsController.swift; sourceTree = "<group>"; };
		1EDF5E8022FF3AB000F4681D /* MovieDetailedController.swift */ = {isa = PBXFileReference; lastKnownFileType = sourcecode.swift; path = MovieDetailedController.swift; sourceTree = "<group>"; };
		1EDF5E8422FF3AC200F4681D /* CharacterDetailedController.swift */ = {isa = PBXFileReference; lastKnownFileType = sourcecode.swift; path = CharacterDetailedController.swift; sourceTree = "<group>"; };
		1EDF5E8822FF3ADD00F4681D /* PlanetDetailedController.swift */ = {isa = PBXFileReference; lastKnownFileType = sourcecode.swift; path = PlanetDetailedController.swift; sourceTree = "<group>"; };
		1EDF5E8E22FF3CF200F4681D /* MovieCell.swift */ = {isa = PBXFileReference; lastKnownFileType = sourcecode.swift; path = MovieCell.swift; sourceTree = "<group>"; };
		1EDF5E9422FF41D000F4681D /* NetworkHelper.swift */ = {isa = PBXFileReference; lastKnownFileType = sourcecode.swift; path = NetworkHelper.swift; sourceTree = "<group>"; };
		1EDF5E9622FF420700F4681D /* AppError.swift */ = {isa = PBXFileReference; lastKnownFileType = sourcecode.swift; path = AppError.swift; sourceTree = "<group>"; };
		1EDF5E9C22FF42ED00F4681D /* MovieAPIClient.swift */ = {isa = PBXFileReference; lastKnownFileType = sourcecode.swift; path = MovieAPIClient.swift; sourceTree = "<group>"; };
		1EDF5E9E22FF432300F4681D /* Movie.swift */ = {isa = PBXFileReference; lastKnownFileType = sourcecode.swift; path = Movie.swift; sourceTree = "<group>"; };
		1EDF5EA122FF435600F4681D /* StarWarsCharacter.swift */ = {isa = PBXFileReference; lastKnownFileType = sourcecode.swift; path = StarWarsCharacter.swift; sourceTree = "<group>"; };
		1EDF5EA322FF435E00F4681D /* Planet.swift */ = {isa = PBXFileReference; lastKnownFileType = sourcecode.swift; path = Planet.swift; sourceTree = "<group>"; };
		1EDF5EA522FF4CB300F4681D /* StarWarsEndPoints.swift */ = {isa = PBXFileReference; lastKnownFileType = sourcecode.swift; path = StarWarsEndPoints.swift; sourceTree = "<group>"; };
		1EDF5EA722FF798600F4681D /* CharacterAPIClient.swift */ = {isa = PBXFileReference; lastKnownFileType = sourcecode.swift; path = CharacterAPIClient.swift; sourceTree = "<group>"; };
		1EDF5EA922FF799200F4681D /* PlanetAPIClient.swift */ = {isa = PBXFileReference; lastKnownFileType = sourcecode.swift; path = PlanetAPIClient.swift; sourceTree = "<group>"; };
		5332B1BC6E447E2F52B33CA0 /* Pods_StarWarsAppHF.framework */ = {isa = PBXFileReference; explicitFileType = wrapper.framework; includeInIndex = 0; path = Pods_StarWarsAppHF.framework; sourceTree = BUILT_PRODUCTS_DIR; };
		5DA5DC3916A8914C553810F6 /* Pods-StarWarsAppHFTests.release.xcconfig */ = {isa = PBXFileReference; includeInIndex = 1; lastKnownFileType = text.xcconfig; name = "Pods-StarWarsAppHFTests.release.xcconfig"; path = "Target Support Files/Pods-StarWarsAppHFTests/Pods-StarWarsAppHFTests.release.xcconfig"; sourceTree = "<group>"; };
		61E3B368F51B90E63A4D9881 /* Pods-StarWarsAppHFTests.debug.xcconfig */ = {isa = PBXFileReference; includeInIndex = 1; lastKnownFileType = text.xcconfig; name = "Pods-StarWarsAppHFTests.debug.xcconfig"; path = "Target Support Files/Pods-StarWarsAppHFTests/Pods-StarWarsAppHFTests.debug.xcconfig"; sourceTree = "<group>"; };
		8AA2DDBE91294F789C935D02 /* Pods-StarWarsAppHFUITests.release.xcconfig */ = {isa = PBXFileReference; includeInIndex = 1; lastKnownFileType = text.xcconfig; name = "Pods-StarWarsAppHFUITests.release.xcconfig"; path = "Target Support Files/Pods-StarWarsAppHFUITests/Pods-StarWarsAppHFUITests.release.xcconfig"; sourceTree = "<group>"; };
		90D9C51DC02B9865B9E5DED8 /* Pods-StarWarsAppHFUITests.debug.xcconfig */ = {isa = PBXFileReference; includeInIndex = 1; lastKnownFileType = text.xcconfig; name = "Pods-StarWarsAppHFUITests.debug.xcconfig"; path = "Target Support Files/Pods-StarWarsAppHFUITests/Pods-StarWarsAppHFUITests.debug.xcconfig"; sourceTree = "<group>"; };
		CEAF16FEB1ECEE9DABC30FB3 /* Pods_StarWarsAppHFTests.framework */ = {isa = PBXFileReference; explicitFileType = wrapper.framework; includeInIndex = 0; path = Pods_StarWarsAppHFTests.framework; sourceTree = BUILT_PRODUCTS_DIR; };
		E7F054C5DC04687513BE7AED /* Pods_StarWarsAppHFUITests.framework */ = {isa = PBXFileReference; explicitFileType = wrapper.framework; includeInIndex = 0; path = Pods_StarWarsAppHFUITests.framework; sourceTree = BUILT_PRODUCTS_DIR; };
/* End PBXFileReference section */

/* Begin PBXFrameworksBuildPhase section */
		1EA503D822FE613F006D2C8D /* Frameworks */ = {
			isa = PBXFrameworksBuildPhase;
			buildActionMask = 2147483647;
			files = (
				BF9E9B36A1142496428552F8 /* Pods_StarWarsAppHF.framework in Frameworks */,
			);
			runOnlyForDeploymentPostprocessing = 0;
		};
		1EA503EC22FE6142006D2C8D /* Frameworks */ = {
			isa = PBXFrameworksBuildPhase;
			buildActionMask = 2147483647;
			files = (
				E12FCA99CDD6C1AD939967F7 /* Pods_StarWarsAppHFTests.framework in Frameworks */,
			);
			runOnlyForDeploymentPostprocessing = 0;
		};
		1EA503F722FE6142006D2C8D /* Frameworks */ = {
			isa = PBXFrameworksBuildPhase;
			buildActionMask = 2147483647;
			files = (
				2A27046885D7DA584060F64D /* Pods_StarWarsAppHFUITests.framework in Frameworks */,
			);
			runOnlyForDeploymentPostprocessing = 0;
		};
/* End PBXFrameworksBuildPhase section */

/* Begin PBXGroup section */
		06518E401DE3445A0A48BB04 /* Pods */ = {
			isa = PBXGroup;
			children = (
				1AC9B8EDD988498003CD80E3 /* Pods-StarWarsAppHF.debug.xcconfig */,
				1802FD41498DF9100B675475 /* Pods-StarWarsAppHF.release.xcconfig */,
				61E3B368F51B90E63A4D9881 /* Pods-StarWarsAppHFTests.debug.xcconfig */,
				5DA5DC3916A8914C553810F6 /* Pods-StarWarsAppHFTests.release.xcconfig */,
				90D9C51DC02B9865B9E5DED8 /* Pods-StarWarsAppHFUITests.debug.xcconfig */,
				8AA2DDBE91294F789C935D02 /* Pods-StarWarsAppHFUITests.release.xcconfig */,
			);
			path = Pods;
			sourceTree = "<group>";
		};
		1EA503D222FE613F006D2C8D = {
			isa = PBXGroup;
			children = (
				1EA503DD22FE613F006D2C8D /* StarWarsAppHF */,
				1EA503F222FE6142006D2C8D /* StarWarsAppHFTests */,
				1EA503FD22FE6142006D2C8D /* StarWarsAppHFUITests */,
				1EA503DC22FE613F006D2C8D /* Products */,
				06518E401DE3445A0A48BB04 /* Pods */,
				3AE8E735D56AEF17FCE5C0EC /* Frameworks */,
			);
			sourceTree = "<group>";
		};
		1EA503DC22FE613F006D2C8D /* Products */ = {
			isa = PBXGroup;
			children = (
				1EA503DB22FE613F006D2C8D /* StarWarsAppHF.app */,
				1EA503EF22FE6142006D2C8D /* StarWarsAppHFTests.xctest */,
				1EA503FA22FE6142006D2C8D /* StarWarsAppHFUITests.xctest */,
			);
			name = Products;
			sourceTree = "<group>";
		};
		1EA503DD22FE613F006D2C8D /* StarWarsAppHF */ = {
			isa = PBXGroup;
			children = (
				1EA503E222FE613F006D2C8D /* Main.storyboard */,
				1EDF5E9322FF3FA400F4681D /* Views */,
				1EDF5E9022FF3F5900F4681D /* Controllers */,
				1EDF5E7322FF34C300F4681D /* SupportingFiles */,
				1EA503EA22FE6142006D2C8D /* Info.plist */,
				1EDF5E6F22FF34B200F4681D /* GoogleService-Info.plist */,
				1EDF5E9822FF421E00F4681D /* NetworkServices */,
				1EDF5EA022FF432900F4681D /* Models */,
				1EDF5E9B22FF42B900F4681D /* APIClient */,
				1ED65837230192ED00AD2BC7 /* String+DateExtension.swift */,
			);
			path = StarWarsAppHF;
			sourceTree = "<group>";
		};
		1EA503F222FE6142006D2C8D /* StarWarsAppHFTests */ = {
			isa = PBXGroup;
			children = (
				1EA503F322FE6142006D2C8D /* StarWarsAppHFTests.swift */,
				1EA503F522FE6142006D2C8D /* Info.plist */,
			);
			path = StarWarsAppHFTests;
			sourceTree = "<group>";
		};
		1EA503FD22FE6142006D2C8D /* StarWarsAppHFUITests */ = {
			isa = PBXGroup;
			children = (
				1EA503FE22FE6142006D2C8D /* StarWarsAppHFUITests.swift */,
				1EDF5E6B22FF272E00F4681D /* GoogleService-Info.plist */,
			);
			path = StarWarsAppHFUITests;
			sourceTree = "<group>";
		};
		1EDF5E7322FF34C300F4681D /* SupportingFiles */ = {
			isa = PBXGroup;
			children = (
				1EA503E522FE6142006D2C8D /* Assets.xcassets */,
				1EA503DE22FE613F006D2C8D /* AppDelegate.swift */,
				1EA503E722FE6142006D2C8D /* LaunchScreen.storyboard */,
			);
			path = SupportingFiles;
			sourceTree = "<group>";
		};
		1EDF5E9022FF3F5900F4681D /* Controllers */ = {
			isa = PBXGroup;
			children = (
				1EDF5E9122FF3F6B00F4681D /* MainControllers */,
				1EDF5E9222FF3F8300F4681D /* DetailedControllers */,
			);
			path = Controllers;
			sourceTree = "<group>";
		};
		1EDF5E9122FF3F6B00F4681D /* MainControllers */ = {
			isa = PBXGroup;
			children = (
				1EDF5E7422FF3A1F00F4681D /* MoviesController.swift */,
				1EDF5E7822FF3A5800F4681D /* CharactersController.swift */,
				1EDF5E7C22FF3A7600F4681D /* PlanetsController.swift */,
			);
			path = MainControllers;
			sourceTree = "<group>";
		};
		1EDF5E9222FF3F8300F4681D /* DetailedControllers */ = {
			isa = PBXGroup;
			children = (
				1EDF5E8022FF3AB000F4681D /* MovieDetailedController.swift */,
				1EDF5E8422FF3AC200F4681D /* CharacterDetailedController.swift */,
				1EDF5E8822FF3ADD00F4681D /* PlanetDetailedController.swift */,
			);
			path = DetailedControllers;
			sourceTree = "<group>";
		};
		1EDF5E9322FF3FA400F4681D /* Views */ = {
			isa = PBXGroup;
			children = (
				1EDF5E8E22FF3CF200F4681D /* MovieCell.swift */,
			);
			path = Views;
			sourceTree = "<group>";
		};
		1EDF5E9822FF421E00F4681D /* NetworkServices */ = {
			isa = PBXGroup;
			children = (
				1EDF5E9422FF41D000F4681D /* NetworkHelper.swift */,
				1EDF5E9622FF420700F4681D /* AppError.swift */,
				1EDF5EA522FF4CB300F4681D /* StarWarsEndPoints.swift */,
			);
			path = NetworkServices;
			sourceTree = "<group>";
		};
		1EDF5E9B22FF42B900F4681D /* APIClient */ = {
			isa = PBXGroup;
			children = (
				1EDF5E9C22FF42ED00F4681D /* MovieAPIClient.swift */,
				1EDF5EA722FF798600F4681D /* CharacterAPIClient.swift */,
				1EDF5EA922FF799200F4681D /* PlanetAPIClient.swift */,
				1ED658332300AA5E00AD2BC7 /* StarWarsAPIClient.swift */,
			);
			path = APIClient;
			sourceTree = "<group>";
		};
		1EDF5EA022FF432900F4681D /* Models */ = {
			isa = PBXGroup;
			children = (
				1ED6583523011F1600AD2BC7 /* MoviePoster.swift */,
				1EDF5E9E22FF432300F4681D /* Movie.swift */,
				1EDF5EA122FF435600F4681D /* StarWarsCharacter.swift */,
				1EDF5EA322FF435E00F4681D /* Planet.swift */,
			);
			path = Models;
			sourceTree = "<group>";
		};
		3AE8E735D56AEF17FCE5C0EC /* Frameworks */ = {
			isa = PBXGroup;
			children = (
				5332B1BC6E447E2F52B33CA0 /* Pods_StarWarsAppHF.framework */,
				CEAF16FEB1ECEE9DABC30FB3 /* Pods_StarWarsAppHFTests.framework */,
				E7F054C5DC04687513BE7AED /* Pods_StarWarsAppHFUITests.framework */,
			);
			name = Frameworks;
			sourceTree = "<group>";
		};
/* End PBXGroup section */

/* Begin PBXNativeTarget section */
		1EA503DA22FE613F006D2C8D /* StarWarsAppHF */ = {
			isa = PBXNativeTarget;
			buildConfigurationList = 1EA5040322FE6142006D2C8D /* Build configuration list for PBXNativeTarget "StarWarsAppHF" */;
			buildPhases = (
				49A462E6ED864F179B13912D /* [CP] Check Pods Manifest.lock */,
				1EA503D722FE613F006D2C8D /* Sources */,
				1EA503D822FE613F006D2C8D /* Frameworks */,
				1EA503D922FE613F006D2C8D /* Resources */,
				83764445EF0517157ED0F87E /* [CP] Embed Pods Frameworks */,
			);
			buildRules = (
			);
			dependencies = (
			);
			name = StarWarsAppHF;
			productName = StarWarsAppHF;
			productReference = 1EA503DB22FE613F006D2C8D /* StarWarsAppHF.app */;
			productType = "com.apple.product-type.application";
		};
		1EA503EE22FE6142006D2C8D /* StarWarsAppHFTests */ = {
			isa = PBXNativeTarget;
			buildConfigurationList = 1EA5040622FE6142006D2C8D /* Build configuration list for PBXNativeTarget "StarWarsAppHFTests" */;
			buildPhases = (
				F094292A1C1FF27429BEA0F2 /* [CP] Check Pods Manifest.lock */,
				1EA503EB22FE6142006D2C8D /* Sources */,
				1EA503EC22FE6142006D2C8D /* Frameworks */,
				1EA503ED22FE6142006D2C8D /* Resources */,
			);
			buildRules = (
			);
			dependencies = (
				1EA503F122FE6142006D2C8D /* PBXTargetDependency */,
			);
			name = StarWarsAppHFTests;
			productName = StarWarsAppHFTests;
			productReference = 1EA503EF22FE6142006D2C8D /* StarWarsAppHFTests.xctest */;
			productType = "com.apple.product-type.bundle.unit-test";
		};
		1EA503F922FE6142006D2C8D /* StarWarsAppHFUITests */ = {
			isa = PBXNativeTarget;
			buildConfigurationList = 1EA5040922FE6142006D2C8D /* Build configuration list for PBXNativeTarget "StarWarsAppHFUITests" */;
			buildPhases = (
				EF4EFDD6D05F18BDEFAA9133 /* [CP] Check Pods Manifest.lock */,
				1EA503F622FE6142006D2C8D /* Sources */,
				1EA503F722FE6142006D2C8D /* Frameworks */,
				1EA503F822FE6142006D2C8D /* Resources */,
			);
			buildRules = (
			);
			dependencies = (
				1EA503FC22FE6142006D2C8D /* PBXTargetDependency */,
			);
			name = StarWarsAppHFUITests;
			productName = StarWarsAppHFUITests;
			productReference = 1EA503FA22FE6142006D2C8D /* StarWarsAppHFUITests.xctest */;
			productType = "com.apple.product-type.bundle.ui-testing";
		};
/* End PBXNativeTarget section */

/* Begin PBXProject section */
		1EA503D322FE613F006D2C8D /* Project object */ = {
			isa = PBXProject;
			attributes = {
				LastSwiftUpdateCheck = 1030;
				LastUpgradeCheck = 1030;
				ORGANIZATIONNAME = "Elizabeth Peraza ";
				TargetAttributes = {
					1EA503DA22FE613F006D2C8D = {
						CreatedOnToolsVersion = 10.3;
					};
					1EA503EE22FE6142006D2C8D = {
						CreatedOnToolsVersion = 10.3;
						TestTargetID = 1EA503DA22FE613F006D2C8D;
					};
					1EA503F922FE6142006D2C8D = {
						CreatedOnToolsVersion = 10.3;
						TestTargetID = 1EA503DA22FE613F006D2C8D;
					};
				};
			};
			buildConfigurationList = 1EA503D622FE613F006D2C8D /* Build configuration list for PBXProject "StarWarsAppHF" */;
			compatibilityVersion = "Xcode 9.3";
			developmentRegion = en;
			hasScannedForEncodings = 0;
			knownRegions = (
				en,
				Base,
			);
			mainGroup = 1EA503D222FE613F006D2C8D;
			productRefGroup = 1EA503DC22FE613F006D2C8D /* Products */;
			projectDirPath = "";
			projectRoot = "";
			targets = (
				1EA503DA22FE613F006D2C8D /* StarWarsAppHF */,
				1EA503EE22FE6142006D2C8D /* StarWarsAppHFTests */,
				1EA503F922FE6142006D2C8D /* StarWarsAppHFUITests */,
			);
		};
/* End PBXProject section */

/* Begin PBXResourcesBuildPhase section */
		1EA503D922FE613F006D2C8D /* Resources */ = {
			isa = PBXResourcesBuildPhase;
			buildActionMask = 2147483647;
			files = (
				1EA503E922FE6142006D2C8D /* LaunchScreen.storyboard in Resources */,
				1EDF5E6C22FF272F00F4681D /* GoogleService-Info.plist in Resources */,
				1EDF5E7022FF34B200F4681D /* GoogleService-Info.plist in Resources */,
				1EA503E622FE6142006D2C8D /* Assets.xcassets in Resources */,
				1EA503E422FE613F006D2C8D /* Main.storyboard in Resources */,
			);
			runOnlyForDeploymentPostprocessing = 0;
		};
		1EA503ED22FE6142006D2C8D /* Resources */ = {
			isa = PBXResourcesBuildPhase;
			buildActionMask = 2147483647;
			files = (
				1EDF5E6D22FF272F00F4681D /* GoogleService-Info.plist in Resources */,
				1EDF5E7122FF34B200F4681D /* GoogleService-Info.plist in Resources */,
			);
			runOnlyForDeploymentPostprocessing = 0;
		};
		1EA503F822FE6142006D2C8D /* Resources */ = {
			isa = PBXResourcesBuildPhase;
			buildActionMask = 2147483647;
			files = (
				1EDF5E6E22FF272F00F4681D /* GoogleService-Info.plist in Resources */,
				1EDF5E7222FF34B200F4681D /* GoogleService-Info.plist in Resources */,
			);
			runOnlyForDeploymentPostprocessing = 0;
		};
/* End PBXResourcesBuildPhase section */

/* Begin PBXShellScriptBuildPhase section */
		49A462E6ED864F179B13912D /* [CP] Check Pods Manifest.lock */ = {
			isa = PBXShellScriptBuildPhase;
			buildActionMask = 2147483647;
			files = (
			);
			inputFileListPaths = (
			);
			inputPaths = (
				"${PODS_PODFILE_DIR_PATH}/Podfile.lock",
				"${PODS_ROOT}/Manifest.lock",
			);
			name = "[CP] Check Pods Manifest.lock";
			outputFileListPaths = (
			);
			outputPaths = (
				"$(DERIVED_FILE_DIR)/Pods-StarWarsAppHF-checkManifestLockResult.txt",
			);
			runOnlyForDeploymentPostprocessing = 0;
			shellPath = /bin/sh;
			shellScript = "diff \"${PODS_PODFILE_DIR_PATH}/Podfile.lock\" \"${PODS_ROOT}/Manifest.lock\" > /dev/null\nif [ $? != 0 ] ; then\n    # print error to STDERR\n    echo \"error: The sandbox is not in sync with the Podfile.lock. Run 'pod install' or update your CocoaPods installation.\" >&2\n    exit 1\nfi\n# This output is used by Xcode 'outputs' to avoid re-running this script phase.\necho \"SUCCESS\" > \"${SCRIPT_OUTPUT_FILE_0}\"\n";
			showEnvVarsInLog = 0;
		};
		83764445EF0517157ED0F87E /* [CP] Embed Pods Frameworks */ = {
			isa = PBXShellScriptBuildPhase;
			buildActionMask = 2147483647;
			files = (
			);
			inputFileListPaths = (
			);
			inputPaths = (
				"${PODS_ROOT}/Target Support Files/Pods-StarWarsAppHF/Pods-StarWarsAppHF-frameworks.sh",
				"${BUILT_PRODUCTS_DIR}/BoringSSL-GRPC/openssl_grpc.framework",
				"${BUILT_PRODUCTS_DIR}/GTMSessionFetcher/GTMSessionFetcher.framework",
				"${BUILT_PRODUCTS_DIR}/GoogleUtilities/GoogleUtilities.framework",
				"${BUILT_PRODUCTS_DIR}/Kingfisher/Kingfisher.framework",
				"${BUILT_PRODUCTS_DIR}/Protobuf/Protobuf.framework",
				"${BUILT_PRODUCTS_DIR}/Toucan/Toucan.framework",
				"${BUILT_PRODUCTS_DIR}/gRPC-C++/grpcpp.framework",
				"${BUILT_PRODUCTS_DIR}/gRPC-Core/grpc.framework",
				"${BUILT_PRODUCTS_DIR}/leveldb-library/leveldb.framework",
				"${BUILT_PRODUCTS_DIR}/nanopb/nanopb.framework",
			);
			name = "[CP] Embed Pods Frameworks";
			outputFileListPaths = (
			);
			outputPaths = (
				"${TARGET_BUILD_DIR}/${FRAMEWORKS_FOLDER_PATH}/openssl_grpc.framework",
				"${TARGET_BUILD_DIR}/${FRAMEWORKS_FOLDER_PATH}/GTMSessionFetcher.framework",
				"${TARGET_BUILD_DIR}/${FRAMEWORKS_FOLDER_PATH}/GoogleUtilities.framework",
				"${TARGET_BUILD_DIR}/${FRAMEWORKS_FOLDER_PATH}/Kingfisher.framework",
				"${TARGET_BUILD_DIR}/${FRAMEWORKS_FOLDER_PATH}/Protobuf.framework",
				"${TARGET_BUILD_DIR}/${FRAMEWORKS_FOLDER_PATH}/Toucan.framework",
				"${TARGET_BUILD_DIR}/${FRAMEWORKS_FOLDER_PATH}/grpcpp.framework",
				"${TARGET_BUILD_DIR}/${FRAMEWORKS_FOLDER_PATH}/grpc.framework",
				"${TARGET_BUILD_DIR}/${FRAMEWORKS_FOLDER_PATH}/leveldb.framework",
				"${TARGET_BUILD_DIR}/${FRAMEWORKS_FOLDER_PATH}/nanopb.framework",
			);
			runOnlyForDeploymentPostprocessing = 0;
			shellPath = /bin/sh;
			shellScript = "\"${PODS_ROOT}/Target Support Files/Pods-StarWarsAppHF/Pods-StarWarsAppHF-frameworks.sh\"\n";
			showEnvVarsInLog = 0;
		};
		EF4EFDD6D05F18BDEFAA9133 /* [CP] Check Pods Manifest.lock */ = {
			isa = PBXShellScriptBuildPhase;
			buildActionMask = 2147483647;
			files = (
			);
			inputFileListPaths = (
			);
			inputPaths = (
				"${PODS_PODFILE_DIR_PATH}/Podfile.lock",
				"${PODS_ROOT}/Manifest.lock",
			);
			name = "[CP] Check Pods Manifest.lock";
			outputFileListPaths = (
			);
			outputPaths = (
				"$(DERIVED_FILE_DIR)/Pods-StarWarsAppHFUITests-checkManifestLockResult.txt",
			);
			runOnlyForDeploymentPostprocessing = 0;
			shellPath = /bin/sh;
			shellScript = "diff \"${PODS_PODFILE_DIR_PATH}/Podfile.lock\" \"${PODS_ROOT}/Manifest.lock\" > /dev/null\nif [ $? != 0 ] ; then\n    # print error to STDERR\n    echo \"error: The sandbox is not in sync with the Podfile.lock. Run 'pod install' or update your CocoaPods installation.\" >&2\n    exit 1\nfi\n# This output is used by Xcode 'outputs' to avoid re-running this script phase.\necho \"SUCCESS\" > \"${SCRIPT_OUTPUT_FILE_0}\"\n";
			showEnvVarsInLog = 0;
		};
		F094292A1C1FF27429BEA0F2 /* [CP] Check Pods Manifest.lock */ = {
			isa = PBXShellScriptBuildPhase;
			buildActionMask = 2147483647;
			files = (
			);
			inputFileListPaths = (
			);
			inputPaths = (
				"${PODS_PODFILE_DIR_PATH}/Podfile.lock",
				"${PODS_ROOT}/Manifest.lock",
			);
			name = "[CP] Check Pods Manifest.lock";
			outputFileListPaths = (
			);
			outputPaths = (
				"$(DERIVED_FILE_DIR)/Pods-StarWarsAppHFTests-checkManifestLockResult.txt",
			);
			runOnlyForDeploymentPostprocessing = 0;
			shellPath = /bin/sh;
			shellScript = "diff \"${PODS_PODFILE_DIR_PATH}/Podfile.lock\" \"${PODS_ROOT}/Manifest.lock\" > /dev/null\nif [ $? != 0 ] ; then\n    # print error to STDERR\n    echo \"error: The sandbox is not in sync with the Podfile.lock. Run 'pod install' or update your CocoaPods installation.\" >&2\n    exit 1\nfi\n# This output is used by Xcode 'outputs' to avoid re-running this script phase.\necho \"SUCCESS\" > \"${SCRIPT_OUTPUT_FILE_0}\"\n";
			showEnvVarsInLog = 0;
		};
/* End PBXShellScriptBuildPhase section */

/* Begin PBXSourcesBuildPhase section */
		1EA503D722FE613F006D2C8D /* Sources */ = {
			isa = PBXSourcesBuildPhase;
			buildActionMask = 2147483647;
			files = (
				1EDF5E9F22FF432300F4681D /* Movie.swift in Sources */,
				1ED6583623011F1600AD2BC7 /* MoviePoster.swift in Sources */,
				1ED65838230192ED00AD2BC7 /* String+DateExtension.swift in Sources */,
				1EDF5E8122FF3AB000F4681D /* MovieDetailedController.swift in Sources */,
				1EDF5E7D22FF3A7600F4681D /* PlanetsController.swift in Sources */,
				1EDF5E7922FF3A5800F4681D /* CharactersController.swift in Sources */,
				1EDF5EAA22FF799200F4681D /* PlanetAPIClient.swift in Sources */,
				1EDF5E9522FF41D000F4681D /* NetworkHelper.swift in Sources */,
				1EDF5E8522FF3AC200F4681D /* CharacterDetailedController.swift in Sources */,
				1EDF5E8922FF3ADD00F4681D /* PlanetDetailedController.swift in Sources */,
				1EDF5EA822FF798600F4681D /* CharacterAPIClient.swift in Sources */,
				1EDF5E9722FF420700F4681D /* AppError.swift in Sources */,
				1ED658342300AA5E00AD2BC7 /* StarWarsAPIClient.swift in Sources */,
				1EA503DF22FE613F006D2C8D /* AppDelegate.swift in Sources */,
				1EDF5EA422FF435E00F4681D /* Planet.swift in Sources */,
				1EDF5E9D22FF42ED00F4681D /* MovieAPIClient.swift in Sources */,
				1EDF5EA222FF435600F4681D /* StarWarsCharacter.swift in Sources */,
				1EDF5EA622FF4CB300F4681D /* StarWarsEndPoints.swift in Sources */,
				1EDF5E8F22FF3CF200F4681D /* MovieCell.swift in Sources */,
				1EDF5E7522FF3A1F00F4681D /* MoviesController.swift in Sources */,
			);
			runOnlyForDeploymentPostprocessing = 0;
		};
		1EA503EB22FE6142006D2C8D /* Sources */ = {
			isa = PBXSourcesBuildPhase;
			buildActionMask = 2147483647;
			files = (
				1EDF5E8222FF3AB000F4681D /* MovieDetailedController.swift in Sources */,
				1EDF5E7622FF3A1F00F4681D /* MoviesController.swift in Sources */,
				1EDF5E7E22FF3A7600F4681D /* PlanetsController.swift in Sources */,
				1EDF5E7A22FF3A5800F4681D /* CharactersController.swift in Sources */,
				1EA503F422FE6142006D2C8D /* StarWarsAppHFTests.swift in Sources */,
				1EDF5E8622FF3AC200F4681D /* CharacterDetailedController.swift in Sources */,
				1EDF5E8A22FF3ADD00F4681D /* PlanetDetailedController.swift in Sources */,
			);
			runOnlyForDeploymentPostprocessing = 0;
		};
		1EA503F622FE6142006D2C8D /* Sources */ = {
			isa = PBXSourcesBuildPhase;
			buildActionMask = 2147483647;
			files = (
				1EDF5E8322FF3AB000F4681D /* MovieDetailedController.swift in Sources */,
				1EDF5E7722FF3A1F00F4681D /* MoviesController.swift in Sources */,
				1EDF5E7F22FF3A7600F4681D /* PlanetsController.swift in Sources */,
				1EDF5E7B22FF3A5800F4681D /* CharactersController.swift in Sources */,
				1EA503FF22FE6142006D2C8D /* StarWarsAppHFUITests.swift in Sources */,
				1EDF5E8722FF3AC200F4681D /* CharacterDetailedController.swift in Sources */,
				1EDF5E8B22FF3ADD00F4681D /* PlanetDetailedController.swift in Sources */,
			);
			runOnlyForDeploymentPostprocessing = 0;
		};
/* End PBXSourcesBuildPhase section */

/* Begin PBXTargetDependency section */
		1EA503F122FE6142006D2C8D /* PBXTargetDependency */ = {
			isa = PBXTargetDependency;
			target = 1EA503DA22FE613F006D2C8D /* StarWarsAppHF */;
			targetProxy = 1EA503F022FE6142006D2C8D /* PBXContainerItemProxy */;
		};
		1EA503FC22FE6142006D2C8D /* PBXTargetDependency */ = {
			isa = PBXTargetDependency;
			target = 1EA503DA22FE613F006D2C8D /* StarWarsAppHF */;
			targetProxy = 1EA503FB22FE6142006D2C8D /* PBXContainerItemProxy */;
		};
/* End PBXTargetDependency section */

/* Begin PBXVariantGroup section */
		1EA503E222FE613F006D2C8D /* Main.storyboard */ = {
			isa = PBXVariantGroup;
			children = (
				1EA503E322FE613F006D2C8D /* Base */,
			);
			name = Main.storyboard;
			sourceTree = "<group>";
		};
		1EA503E722FE6142006D2C8D /* LaunchScreen.storyboard */ = {
			isa = PBXVariantGroup;
			children = (
				1EA503E822FE6142006D2C8D /* Base */,
			);
			name = LaunchScreen.storyboard;
			sourceTree = "<group>";
		};
/* End PBXVariantGroup section */

/* Begin XCBuildConfiguration section */
		1EA5040122FE6142006D2C8D /* Debug */ = {
			isa = XCBuildConfiguration;
			buildSettings = {
				ALWAYS_SEARCH_USER_PATHS = NO;
				CLANG_ANALYZER_NONNULL = YES;
				CLANG_ANALYZER_NUMBER_OBJECT_CONVERSION = YES_AGGRESSIVE;
				CLANG_CXX_LANGUAGE_STANDARD = "gnu++14";
				CLANG_CXX_LIBRARY = "libc++";
				CLANG_ENABLE_MODULES = YES;
				CLANG_ENABLE_OBJC_ARC = YES;
				CLANG_ENABLE_OBJC_WEAK = YES;
				CLANG_WARN_BLOCK_CAPTURE_AUTORELEASING = YES;
				CLANG_WARN_BOOL_CONVERSION = YES;
				CLANG_WARN_COMMA = YES;
				CLANG_WARN_CONSTANT_CONVERSION = YES;
				CLANG_WARN_DEPRECATED_OBJC_IMPLEMENTATIONS = YES;
				CLANG_WARN_DIRECT_OBJC_ISA_USAGE = YES_ERROR;
				CLANG_WARN_DOCUMENTATION_COMMENTS = YES;
				CLANG_WARN_EMPTY_BODY = YES;
				CLANG_WARN_ENUM_CONVERSION = YES;
				CLANG_WARN_INFINITE_RECURSION = YES;
				CLANG_WARN_INT_CONVERSION = YES;
				CLANG_WARN_NON_LITERAL_NULL_CONVERSION = YES;
				CLANG_WARN_OBJC_IMPLICIT_RETAIN_SELF = YES;
				CLANG_WARN_OBJC_LITERAL_CONVERSION = YES;
				CLANG_WARN_OBJC_ROOT_CLASS = YES_ERROR;
				CLANG_WARN_RANGE_LOOP_ANALYSIS = YES;
				CLANG_WARN_STRICT_PROTOTYPES = YES;
				CLANG_WARN_SUSPICIOUS_MOVE = YES;
				CLANG_WARN_UNGUARDED_AVAILABILITY = YES_AGGRESSIVE;
				CLANG_WARN_UNREACHABLE_CODE = YES;
				CLANG_WARN__DUPLICATE_METHOD_MATCH = YES;
				CODE_SIGN_IDENTITY = "iPhone Developer";
				COPY_PHASE_STRIP = NO;
				DEBUG_INFORMATION_FORMAT = dwarf;
				ENABLE_STRICT_OBJC_MSGSEND = YES;
				ENABLE_TESTABILITY = YES;
				GCC_C_LANGUAGE_STANDARD = gnu11;
				GCC_DYNAMIC_NO_PIC = NO;
				GCC_NO_COMMON_BLOCKS = YES;
				GCC_OPTIMIZATION_LEVEL = 0;
				GCC_PREPROCESSOR_DEFINITIONS = (
					"DEBUG=1",
					"$(inherited)",
				);
				GCC_WARN_64_TO_32_BIT_CONVERSION = YES;
				GCC_WARN_ABOUT_RETURN_TYPE = YES_ERROR;
				GCC_WARN_UNDECLARED_SELECTOR = YES;
				GCC_WARN_UNINITIALIZED_AUTOS = YES_AGGRESSIVE;
				GCC_WARN_UNUSED_FUNCTION = YES;
				GCC_WARN_UNUSED_VARIABLE = YES;
				IPHONEOS_DEPLOYMENT_TARGET = 12.4;
				MTL_ENABLE_DEBUG_INFO = INCLUDE_SOURCE;
				MTL_FAST_MATH = YES;
				ONLY_ACTIVE_ARCH = YES;
				SDKROOT = iphoneos;
				SWIFT_ACTIVE_COMPILATION_CONDITIONS = DEBUG;
				SWIFT_OPTIMIZATION_LEVEL = "-Onone";
			};
			name = Debug;
		};
		1EA5040222FE6142006D2C8D /* Release */ = {
			isa = XCBuildConfiguration;
			buildSettings = {
				ALWAYS_SEARCH_USER_PATHS = NO;
				CLANG_ANALYZER_NONNULL = YES;
				CLANG_ANALYZER_NUMBER_OBJECT_CONVERSION = YES_AGGRESSIVE;
				CLANG_CXX_LANGUAGE_STANDARD = "gnu++14";
				CLANG_CXX_LIBRARY = "libc++";
				CLANG_ENABLE_MODULES = YES;
				CLANG_ENABLE_OBJC_ARC = YES;
				CLANG_ENABLE_OBJC_WEAK = YES;
				CLANG_WARN_BLOCK_CAPTURE_AUTORELEASING = YES;
				CLANG_WARN_BOOL_CONVERSION = YES;
				CLANG_WARN_COMMA = YES;
				CLANG_WARN_CONSTANT_CONVERSION = YES;
				CLANG_WARN_DEPRECATED_OBJC_IMPLEMENTATIONS = YES;
				CLANG_WARN_DIRECT_OBJC_ISA_USAGE = YES_ERROR;
				CLANG_WARN_DOCUMENTATION_COMMENTS = YES;
				CLANG_WARN_EMPTY_BODY = YES;
				CLANG_WARN_ENUM_CONVERSION = YES;
				CLANG_WARN_INFINITE_RECURSION = YES;
				CLANG_WARN_INT_CONVERSION = YES;
				CLANG_WARN_NON_LITERAL_NULL_CONVERSION = YES;
				CLANG_WARN_OBJC_IMPLICIT_RETAIN_SELF = YES;
				CLANG_WARN_OBJC_LITERAL_CONVERSION = YES;
				CLANG_WARN_OBJC_ROOT_CLASS = YES_ERROR;
				CLANG_WARN_RANGE_LOOP_ANALYSIS = YES;
				CLANG_WARN_STRICT_PROTOTYPES = YES;
				CLANG_WARN_SUSPICIOUS_MOVE = YES;
				CLANG_WARN_UNGUARDED_AVAILABILITY = YES_AGGRESSIVE;
				CLANG_WARN_UNREACHABLE_CODE = YES;
				CLANG_WARN__DUPLICATE_METHOD_MATCH = YES;
				CODE_SIGN_IDENTITY = "iPhone Developer";
				COPY_PHASE_STRIP = NO;
				DEBUG_INFORMATION_FORMAT = "dwarf-with-dsym";
				ENABLE_NS_ASSERTIONS = NO;
				ENABLE_STRICT_OBJC_MSGSEND = YES;
				GCC_C_LANGUAGE_STANDARD = gnu11;
				GCC_NO_COMMON_BLOCKS = YES;
				GCC_WARN_64_TO_32_BIT_CONVERSION = YES;
				GCC_WARN_ABOUT_RETURN_TYPE = YES_ERROR;
				GCC_WARN_UNDECLARED_SELECTOR = YES;
				GCC_WARN_UNINITIALIZED_AUTOS = YES_AGGRESSIVE;
				GCC_WARN_UNUSED_FUNCTION = YES;
				GCC_WARN_UNUSED_VARIABLE = YES;
				IPHONEOS_DEPLOYMENT_TARGET = 12.4;
				MTL_ENABLE_DEBUG_INFO = NO;
				MTL_FAST_MATH = YES;
				SDKROOT = iphoneos;
				SWIFT_COMPILATION_MODE = wholemodule;
				SWIFT_OPTIMIZATION_LEVEL = "-O";
				VALIDATE_PRODUCT = YES;
			};
			name = Release;
		};
		1EA5040422FE6142006D2C8D /* Debug */ = {
			isa = XCBuildConfiguration;
			baseConfigurationReference = 1AC9B8EDD988498003CD80E3 /* Pods-StarWarsAppHF.debug.xcconfig */;
			buildSettings = {
				ASSETCATALOG_COMPILER_APPICON_NAME = AppIcon;
				CODE_SIGN_STYLE = Automatic;
				DEVELOPMENT_TEAM = 9DN3HV8LU2;
				INFOPLIST_FILE = StarWarsAppHF/Info.plist;
				IPHONEOS_DEPLOYMENT_TARGET = 10.2;
				LD_RUNPATH_SEARCH_PATHS = (
					"$(inherited)",
					"@executable_path/Frameworks",
				);
				PRODUCT_BUNDLE_IDENTIFIER = "Elizabeth-Peraza.StarWarsAppHF";
				PRODUCT_NAME = "$(TARGET_NAME)";
				SWIFT_VERSION = 5.0;
				TARGETED_DEVICE_FAMILY = 1;
			};
			name = Debug;
		};
		1EA5040522FE6142006D2C8D /* Release */ = {
			isa = XCBuildConfiguration;
			baseConfigurationReference = 1802FD41498DF9100B675475 /* Pods-StarWarsAppHF.release.xcconfig */;
			buildSettings = {
				ASSETCATALOG_COMPILER_APPICON_NAME = AppIcon;
				CODE_SIGN_STYLE = Automatic;
				DEVELOPMENT_TEAM = 9DN3HV8LU2;
				INFOPLIST_FILE = StarWarsAppHF/Info.plist;
				IPHONEOS_DEPLOYMENT_TARGET = 10.2;
				LD_RUNPATH_SEARCH_PATHS = (
					"$(inherited)",
					"@executable_path/Frameworks",
				);
				PRODUCT_BUNDLE_IDENTIFIER = "Elizabeth-Peraza.StarWarsAppHF";
				PRODUCT_NAME = "$(TARGET_NAME)";
				SWIFT_VERSION = 5.0;
				TARGETED_DEVICE_FAMILY = 1;
			};
			name = Release;
		};
		1EA5040722FE6142006D2C8D /* Debug */ = {
			isa = XCBuildConfiguration;
			baseConfigurationReference = 61E3B368F51B90E63A4D9881 /* Pods-StarWarsAppHFTests.debug.xcconfig */;
			buildSettings = {
				ALWAYS_EMBED_SWIFT_STANDARD_LIBRARIES = YES;
				BUNDLE_LOADER = "$(TEST_HOST)";
				CODE_SIGN_STYLE = Automatic;
				DEVELOPMENT_TEAM = 9DN3HV8LU2;
				INFOPLIST_FILE = StarWarsAppHFTests/Info.plist;
				LD_RUNPATH_SEARCH_PATHS = (
					"$(inherited)",
					"@executable_path/Frameworks",
					"@loader_path/Frameworks",
				);
				PRODUCT_BUNDLE_IDENTIFIER = "Elizabeth-Peraza.StarWarsAppHFTests";
				PRODUCT_NAME = "$(TARGET_NAME)";
				SWIFT_VERSION = 5.0;
				TARGETED_DEVICE_FAMILY = "1,2";
				TEST_HOST = "$(BUILT_PRODUCTS_DIR)/StarWarsAppHF.app/StarWarsAppHF";
			};
			name = Debug;
		};
		1EA5040822FE6142006D2C8D /* Release */ = {
			isa = XCBuildConfiguration;
			baseConfigurationReference = 5DA5DC3916A8914C553810F6 /* Pods-StarWarsAppHFTests.release.xcconfig */;
			buildSettings = {
				ALWAYS_EMBED_SWIFT_STANDARD_LIBRARIES = YES;
				BUNDLE_LOADER = "$(TEST_HOST)";
				CODE_SIGN_STYLE = Automatic;
				DEVELOPMENT_TEAM = 9DN3HV8LU2;
				INFOPLIST_FILE = StarWarsAppHFTests/Info.plist;
				LD_RUNPATH_SEARCH_PATHS = (
					"$(inherited)",
					"@executable_path/Frameworks",
					"@loader_path/Frameworks",
				);
				PRODUCT_BUNDLE_IDENTIFIER = "Elizabeth-Peraza.StarWarsAppHFTests";
				PRODUCT_NAME = "$(TARGET_NAME)";
				SWIFT_VERSION = 5.0;
				TARGETED_DEVICE_FAMILY = "1,2";
				TEST_HOST = "$(BUILT_PRODUCTS_DIR)/StarWarsAppHF.app/StarWarsAppHF";
			};
			name = Release;
		};
		1EA5040A22FE6142006D2C8D /* Debug */ = {
			isa = XCBuildConfiguration;
			baseConfigurationReference = 90D9C51DC02B9865B9E5DED8 /* Pods-StarWarsAppHFUITests.debug.xcconfig */;
			buildSettings = {
				ALWAYS_EMBED_SWIFT_STANDARD_LIBRARIES = YES;
				CODE_SIGN_STYLE = Automatic;
				DEVELOPMENT_TEAM = 9DN3HV8LU2;
				INFOPLIST_FILE = StarWarsAppHFUITests/Info.plist;
				LD_RUNPATH_SEARCH_PATHS = (
					"$(inherited)",
					"@executable_path/Frameworks",
					"@loader_path/Frameworks",
				);
				PRODUCT_BUNDLE_IDENTIFIER = "Elizabeth-Peraza.StarWarsAppHFUITests";
				PRODUCT_NAME = "$(TARGET_NAME)";
				SWIFT_VERSION = 5.0;
				TARGETED_DEVICE_FAMILY = "1,2";
				TEST_TARGET_NAME = StarWarsAppHF;
			};
			name = Debug;
		};
		1EA5040B22FE6142006D2C8D /* Release */ = {
			isa = XCBuildConfiguration;
			baseConfigurationReference = 8AA2DDBE91294F789C935D02 /* Pods-StarWarsAppHFUITests.release.xcconfig */;
			buildSettings = {
				ALWAYS_EMBED_SWIFT_STANDARD_LIBRARIES = YES;
				CODE_SIGN_STYLE = Automatic;
				DEVELOPMENT_TEAM = 9DN3HV8LU2;
				INFOPLIST_FILE = StarWarsAppHFUITests/Info.plist;
				LD_RUNPATH_SEARCH_PATHS = (
					"$(inherited)",
					"@executable_path/Frameworks",
					"@loader_path/Frameworks",
				);
				PRODUCT_BUNDLE_IDENTIFIER = "Elizabeth-Peraza.StarWarsAppHFUITests";
				PRODUCT_NAME = "$(TARGET_NAME)";
				SWIFT_VERSION = 5.0;
				TARGETED_DEVICE_FAMILY = "1,2";
				TEST_TARGET_NAME = StarWarsAppHF;
			};
			name = Release;
		};
/* End XCBuildConfiguration section */

/* Begin XCConfigurationList section */
		1EA503D622FE613F006D2C8D /* Build configuration list for PBXProject "StarWarsAppHF" */ = {
			isa = XCConfigurationList;
			buildConfigurations = (
				1EA5040122FE6142006D2C8D /* Debug */,
				1EA5040222FE6142006D2C8D /* Release */,
			);
			defaultConfigurationIsVisible = 0;
			defaultConfigurationName = Release;
		};
		1EA5040322FE6142006D2C8D /* Build configuration list for PBXNativeTarget "StarWarsAppHF" */ = {
			isa = XCConfigurationList;
			buildConfigurations = (
				1EA5040422FE6142006D2C8D /* Debug */,
				1EA5040522FE6142006D2C8D /* Release */,
			);
			defaultConfigurationIsVisible = 0;
			defaultConfigurationName = Release;
		};
		1EA5040622FE6142006D2C8D /* Build configuration list for PBXNativeTarget "StarWarsAppHFTests" */ = {
			isa = XCConfigurationList;
			buildConfigurations = (
				1EA5040722FE6142006D2C8D /* Debug */,
				1EA5040822FE6142006D2C8D /* Release */,
			);
			defaultConfigurationIsVisible = 0;
			defaultConfigurationName = Release;
		};
		1EA5040922FE6142006D2C8D /* Build configuration list for PBXNativeTarget "StarWarsAppHFUITests" */ = {
			isa = XCConfigurationList;
			buildConfigurations = (
				1EA5040A22FE6142006D2C8D /* Debug */,
				1EA5040B22FE6142006D2C8D /* Release */,
			);
			defaultConfigurationIsVisible = 0;
			defaultConfigurationName = Release;
		};
/* End XCConfigurationList section */
	};
	rootObject = 1EA503D322FE613F006D2C8D /* Project object */;
}
